
Microsoft Visual Studio Solution File, Format Version 12.00
# Visual Studio Version 17
VisualStudioVersion = 17.8.34511.84
MinimumVisualStudioVersion = 10.0.40219.1
Project("{FAE04EC0-301F-11D3-BF4B-00C04F79EFBC}") = "Napszak", "Napszak.csproj", "{BA362226-0D45-4F46-98B3-4E2EA8A6F45B}"
EndProject
Global
	GlobalSection(SolutionConfigurationPlatforms) = preSolution
		Debug|Any CPU = Debug|Any CPU
		Release|Any CPU = Release|Any CPU
	EndGlobalSection
	GlobalSection(ProjectConfigurationPlatforms) = postSolution
		{BA362226-0D45-4F46-98B3-4E2EA8A6F45B}.Debug|Any CPU.ActiveCfg = Debug|Any CPU
		{BA362226-0D45-4F46-98B3-4E2EA8A6F45B}.Debug|Any CPU.Build.0 = Debug|Any CPU
		{BA362226-0D45-4F46-98B3-4E2EA8A6F45B}.Release|Any CPU.ActiveCfg = Release|Any CPU
		{BA362226-0D45-4F46-98B3-4E2EA8A6F45B}.Release|Any CPU.Build.0 = Release|Any CPU
	EndGlobalSection
	GlobalSection(SolutionProperties) = preSolution
		HideSolutionNode = FALSE
	EndGlobalSection
	GlobalSection(ExtensibilityGlobals) = postSolution
		SolutionGuid = {4339CB53-CD60-4CDB-8F1F-8A1F1E49AF14}
	EndGlobalSection
EndGlobal
